
Microsoft Visual Studio Solution File, Format Version 12.00
# Visual Studio Version 17
VisualStudioVersion = 17.1.32210.238
MinimumVisualStudioVersion = 10.0.40219.1
Project("{FAE04EC0-301F-11D3-BF4B-00C04F79EFBC}") = "MoodAnalyserProblem", "MoodAnalyserProblem\MoodAnalyserProblem.csproj", "{3AF411F4-D3E1-4379-AA74-C0EFDAA50214}"
EndProject
Project("{FAE04EC0-301F-11D3-BF4B-00C04F79EFBC}") = "TestProject1", "TestProject1\TestProject1.csproj", "{265B0577-E71E-45F2-8540-43AFF645C322}"
EndProject
Global
	GlobalSection(SolutionConfigurationPlatforms) = preSolution
		Debug|Any CPU = Debug|Any CPU
		Release|Any CPU = Release|Any CPU
	EndGlobalSection
	GlobalSection(ProjectConfigurationPlatforms) = postSolution
		{3AF411F4-D3E1-4379-AA74-C0EFDAA50214}.Debug|Any CPU.ActiveCfg = Debug|Any CPU
		{3AF411F4-D3E1-4379-AA74-C0EFDAA50214}.Debug|Any CPU.Build.0 = Debug|Any CPU
		{3AF411F4-D3E1-4379-AA74-C0EFDAA50214}.Release|Any CPU.ActiveCfg = Release|Any CPU
		{3AF411F4-D3E1-4379-AA74-C0EFDAA50214}.Release|Any CPU.Build.0 = Release|Any CPU
		{265B0577-E71E-45F2-8540-43AFF645C322}.Debug|Any CPU.ActiveCfg = Debug|Any CPU
		{265B0577-E71E-45F2-8540-43AFF645C322}.Debug|Any CPU.Build.0 = Debug|Any CPU
		{265B0577-E71E-45F2-8540-43AFF645C322}.Release|Any CPU.ActiveCfg = Release|Any CPU
		{265B0577-E71E-45F2-8540-43AFF645C322}.Release|Any CPU.Build.0 = Release|Any CPU
	EndGlobalSection
	GlobalSection(SolutionProperties) = preSolution
		HideSolutionNode = FALSE
	EndGlobalSection
	GlobalSection(ExtensibilityGlobals) = postSolution
		SolutionGuid = {793A9C01-0A60-4EDE-B02D-04D47FDB16CC}
	EndGlobalSection
EndGlobal
